
Microsoft Visual Studio Solution File, Format Version 12.00
# Visual Studio Version 17
VisualStudioVersion = 17.3.32804.467
MinimumVisualStudioVersion = 10.0.40219.1
Project("{F184B08F-C81C-45F6-A57F-5ABD9991F28F}") = "Mos Boys Contolling the Stocks", "Mos Boys Contolling the Stocks\Mos Boys Contolling the Stocks.vbproj", "{EF579FE3-DD5E-4DF0-926A-133610A532D5}"
EndProject
Global
	GlobalSection(SolutionConfigurationPlatforms) = preSolution
		Debug|Any CPU = Debug|Any CPU
		Release|Any CPU = Release|Any CPU
	EndGlobalSection
	GlobalSection(ProjectConfigurationPlatforms) = postSolution
		{EF579FE3-DD5E-4DF0-926A-133610A532D5}.Debug|Any CPU.ActiveCfg = Debug|Any CPU
		{EF579FE3-DD5E-4DF0-926A-133610A532D5}.Debug|Any CPU.Build.0 = Debug|Any CPU
		{EF579FE3-DD5E-4DF0-926A-133610A532D5}.Release|Any CPU.ActiveCfg = Release|Any CPU
		{EF579FE3-DD5E-4DF0-926A-133610A532D5}.Release|Any CPU.Build.0 = Release|Any CPU
	EndGlobalSection
	GlobalSection(SolutionProperties) = preSolution
		HideSolutionNode = FALSE
	EndGlobalSection
	GlobalSection(ExtensibilityGlobals) = postSolution
		SolutionGuid = {A15716E6-D003-4079-89D6-D831F7E78307}
	EndGlobalSection
EndGlobal
